{
  "version": 4,
  "terraform_version": "0.12.24",
  "serial": 12,
  "lineage": "e6a9ecf6-0ff1-cb09-01d5-05d80609f9e7",
  "outputs": {
    "ip": {
      "value": "35.222.181.101",
      "type": "string"
    }
  },
  "resources": [
    {
      "mode": "managed",
      "type": "google_compute_instance",
      "name": "grfprom",
      "provider": "provider.google",
      "instances": [
        {
          "schema_version": 6,
          "attributes": {
            "allow_stopping_for_update": null,
            "attached_disk": [],
            "boot_disk": [
              {
                "auto_delete": true,
                "device_name": "persistent-disk-0",
                "disk_encryption_key_raw": "",
                "disk_encryption_key_sha256": "",
                "initialize_params": [
                  {
                    "image": "https://www.googleapis.com/compute/v1/projects/ubuntu-os-cloud/global/images/ubuntu-1804-bionic-v20200414",
                    "labels": {},
                    "size": 10,
                    "type": "pd-standard"
                  }
                ],
                "kms_key_self_link": "",
                "mode": "READ_WRITE",
                "source": "https://www.googleapis.com/compute/v1/projects/sapient-duality-274414/zones/us-central1-a/disks/grfprom"
              }
            ],
            "can_ip_forward": false,
            "cpu_platform": "Intel Haswell",
            "current_status": "RUNNING",
            "deletion_protection": false,
            "description": "",
            "desired_status": null,
            "enable_display": false,
            "guest_accelerator": [],
            "hostname": "",
            "id": "projects/sapient-duality-274414/zones/us-central1-a/instances/grfprom",
            "instance_id": "7083304210384894285",
            "label_fingerprint": "42WmSpB8rSM=",
            "labels": null,
            "machine_type": "n1-standard-1",
            "metadata": {
              "sshKeys": "ubuntu:ssh-rsa AAAAB3NzaC1yc2EAAAADAQABAAABAQDZFemW5ugl3c9MsgnyhK4VdIm8gy86nTdyUQ64j4AA9lLtM2L+MlJnUGTd9eJGzlXsULk23Z864YJNi7dsnH4AgnMdRcw6KKld9a7iYhlqWvtuuagyWF2fgxz0I5bn2nAVN9dYzmGFw6vAtrFoWUdZQNdojCkK5YJiEq4mMh7FutmDjNI58IeqXvZySNxcxc1rwGTABzUUxHbJOEZuVtqGBeCNcblw25AwMowTIU4upOT0Z1EUa/EOsoYnf3Ln2TGZsNsKefy3b46tDJMtxJYRfuNzyDnwgKfkT3WuufX1yHCOe3NhuQGD5Nnkm5hdmtCDUA1Ij0kuI/8nLCeCsRUh legion@LAPTOP-PKSIJKG1\r\n"
            },
            "metadata_fingerprint": "XfNhsrB0cAw=",
            "metadata_startup_script": "",
            "min_cpu_platform": "",
            "name": "grfprom",
            "network_interface": [
              {
                "access_config": [
                  {
                    "nat_ip": "35.226.91.45",
                    "network_tier": "PREMIUM",
                    "public_ptr_domain_name": ""
                  }
                ],
                "alias_ip_range": [],
                "name": "nic0",
                "network": "https://www.googleapis.com/compute/v1/projects/sapient-duality-274414/global/networks/default",
                "network_ip": "10.128.0.5",
                "subnetwork": "https://www.googleapis.com/compute/v1/projects/sapient-duality-274414/regions/us-central1/subnetworks/default",
                "subnetwork_project": "sapient-duality-274414"
              }
            ],
            "project": "sapient-duality-274414",
            "scheduling": [
              {
                "automatic_restart": true,
                "node_affinities": [],
                "on_host_maintenance": "MIGRATE",
                "preemptible": false
              }
            ],
            "scratch_disk": [],
            "self_link": "https://www.googleapis.com/compute/v1/projects/sapient-duality-274414/zones/us-central1-a/instances/grfprom",
            "service_account": [],
            "shielded_instance_config": [
              {
                "enable_integrity_monitoring": true,
                "enable_secure_boot": false,
                "enable_vtpm": true
              }
            ],
            "tags": [
              "all"
            ],
            "tags_fingerprint": "dImsLRw6qW4=",
            "timeouts": null,
            "zone": "us-central1-a"
          },
          "private": "eyJlMmJmYjczMC1lY2FhLTExZTYtOGY4OC0zNDM2M2JjN2M0YzAiOnsiY3JlYXRlIjoxMjAwMDAwMDAwMDAwLCJkZWxldGUiOjEyMDAwMDAwMDAwMDAsInVwZGF0ZSI6MTIwMDAwMDAwMDAwMH0sInNjaGVtYV92ZXJzaW9uIjoiNiJ9"
        }
      ]
    },
    {
      "mode": "managed",
      "type": "google_compute_instance",
      "name": "master",
      "provider": "provider.google",
      "instances": [
        {
          "schema_version": 6,
          "attributes": {
            "allow_stopping_for_update": null,
            "attached_disk": [],
            "boot_disk": [
              {
                "auto_delete": true,
                "device_name": "persistent-disk-0",
                "disk_encryption_key_raw": "",
                "disk_encryption_key_sha256": "",
                "initialize_params": [
                  {
                    "image": "https://www.googleapis.com/compute/v1/projects/ubuntu-os-cloud/global/images/ubuntu-1804-bionic-v20200414",
                    "labels": {},
                    "size": 10,
                    "type": "pd-standard"
                  }
                ],
                "kms_key_self_link": "",
                "mode": "READ_WRITE",
                "source": "https://www.googleapis.com/compute/v1/projects/sapient-duality-274414/zones/us-central1-a/disks/master"
              }
            ],
            "can_ip_forward": false,
            "cpu_platform": "Intel Haswell",
            "current_status": "RUNNING",
            "deletion_protection": false,
            "description": "",
            "desired_status": null,
            "enable_display": false,
            "guest_accelerator": [],
            "hostname": "",
            "id": "projects/sapient-duality-274414/zones/us-central1-a/instances/master",
            "instance_id": "8426834035715947004",
            "label_fingerprint": "42WmSpB8rSM=",
            "labels": {},
            "machine_type": "n1-standard-1",
            "metadata": {
              "sshKeys": "ubuntu:ssh-rsa AAAAB3NzaC1yc2EAAAADAQABAAABAQDZFemW5ugl3c9MsgnyhK4VdIm8gy86nTdyUQ64j4AA9lLtM2L+MlJnUGTd9eJGzlXsULk23Z864YJNi7dsnH4AgnMdRcw6KKld9a7iYhlqWvtuuagyWF2fgxz0I5bn2nAVN9dYzmGFw6vAtrFoWUdZQNdojCkK5YJiEq4mMh7FutmDjNI58IeqXvZySNxcxc1rwGTABzUUxHbJOEZuVtqGBeCNcblw25AwMowTIU4upOT0Z1EUa/EOsoYnf3Ln2TGZsNsKefy3b46tDJMtxJYRfuNzyDnwgKfkT3WuufX1yHCOe3NhuQGD5Nnkm5hdmtCDUA1Ij0kuI/8nLCeCsRUh legion@LAPTOP-PKSIJKG1\r\n"
            },
            "metadata_fingerprint": "XfNhsrB0cAw=",
            "metadata_startup_script": "",
            "min_cpu_platform": "",
            "name": "master",
            "network_interface": [
              {
                "access_config": [
                  {
                    "nat_ip": "35.222.181.101",
                    "network_tier": "PREMIUM",
                    "public_ptr_domain_name": ""
                  }
                ],
                "alias_ip_range": [],
                "name": "nic0",
                "network": "https://www.googleapis.com/compute/v1/projects/sapient-duality-274414/global/networks/default",
                "network_ip": "10.128.0.3",
                "subnetwork": "https://www.googleapis.com/compute/v1/projects/sapient-duality-274414/regions/us-central1/subnetworks/default",
                "subnetwork_project": "sapient-duality-274414"
              }
            ],
            "project": "sapient-duality-274414",
            "scheduling": [
              {
                "automatic_restart": true,
                "node_affinities": [],
                "on_host_maintenance": "MIGRATE",
                "preemptible": false
              }
            ],
            "scratch_disk": [],
            "self_link": "https://www.googleapis.com/compute/v1/projects/sapient-duality-274414/zones/us-central1-a/instances/master",
            "service_account": [],
            "shielded_instance_config": [
              {
                "enable_integrity_monitoring": true,
                "enable_secure_boot": false,
                "enable_vtpm": true
              }
            ],
            "tags": [
              "all"
            ],
            "tags_fingerprint": "dImsLRw6qW4=",
            "timeouts": null,
            "zone": "us-central1-a"
          },
          "private": "eyJlMmJmYjczMC1lY2FhLTExZTYtOGY4OC0zNDM2M2JjN2M0YzAiOnsiY3JlYXRlIjoxMjAwMDAwMDAwMDAwLCJkZWxldGUiOjEyMDAwMDAwMDAwMDAsInVwZGF0ZSI6MTIwMDAwMDAwMDAwMH0sInNjaGVtYV92ZXJzaW9uIjoiNiJ9"
        }
      ]
    },
    {
      "mode": "managed",
      "type": "google_compute_instance",
      "name": "slave01",
      "provider": "provider.google",
      "instances": [
        {
          "schema_version": 6,
          "attributes": {
            "allow_stopping_for_update": null,
            "attached_disk": [],
            "boot_disk": [
              {
                "auto_delete": true,
                "device_name": "persistent-disk-0",
                "disk_encryption_key_raw": "",
                "disk_encryption_key_sha256": "",
                "initialize_params": [
                  {
                    "image": "https://www.googleapis.com/compute/v1/projects/ubuntu-os-cloud/global/images/ubuntu-1804-bionic-v20200414",
                    "labels": {},
                    "size": 10,
                    "type": "pd-standard"
                  }
                ],
                "kms_key_self_link": "",
                "mode": "READ_WRITE",
                "source": "https://www.googleapis.com/compute/v1/projects/sapient-duality-274414/zones/us-central1-a/disks/slave01"
              }
            ],
            "can_ip_forward": false,
            "cpu_platform": "Intel Haswell",
            "current_status": "RUNNING",
            "deletion_protection": false,
            "description": "",
            "desired_status": null,
            "enable_display": false,
            "guest_accelerator": [],
            "hostname": "",
            "id": "projects/sapient-duality-274414/zones/us-central1-a/instances/slave01",
            "instance_id": "6141271475526908412",
            "label_fingerprint": "42WmSpB8rSM=",
            "labels": {},
            "machine_type": "n1-standard-1",
            "metadata": {
              "sshKeys": "ubuntu:ssh-rsa AAAAB3NzaC1yc2EAAAADAQABAAABAQDZFemW5ugl3c9MsgnyhK4VdIm8gy86nTdyUQ64j4AA9lLtM2L+MlJnUGTd9eJGzlXsULk23Z864YJNi7dsnH4AgnMdRcw6KKld9a7iYhlqWvtuuagyWF2fgxz0I5bn2nAVN9dYzmGFw6vAtrFoWUdZQNdojCkK5YJiEq4mMh7FutmDjNI58IeqXvZySNxcxc1rwGTABzUUxHbJOEZuVtqGBeCNcblw25AwMowTIU4upOT0Z1EUa/EOsoYnf3Ln2TGZsNsKefy3b46tDJMtxJYRfuNzyDnwgKfkT3WuufX1yHCOe3NhuQGD5Nnkm5hdmtCDUA1Ij0kuI/8nLCeCsRUh legion@LAPTOP-PKSIJKG1\r\n"
            },
            "metadata_fingerprint": "XfNhsrB0cAw=",
            "metadata_startup_script": "",
            "min_cpu_platform": "",
            "name": "slave01",
            "network_interface": [
              {
                "access_config": [
                  {
                    "nat_ip": "35.223.112.66",
                    "network_tier": "PREMIUM",
                    "public_ptr_domain_name": ""
                  }
                ],
                "alias_ip_range": [],
                "name": "nic0",
                "network": "https://www.googleapis.com/compute/v1/projects/sapient-duality-274414/global/networks/default",
                "network_ip": "10.128.0.4",
                "subnetwork": "https://www.googleapis.com/compute/v1/projects/sapient-duality-274414/regions/us-central1/subnetworks/default",
                "subnetwork_project": "sapient-duality-274414"
              }
            ],
            "project": "sapient-duality-274414",
            "scheduling": [
              {
                "automatic_restart": true,
                "node_affinities": [],
                "on_host_maintenance": "MIGRATE",
                "preemptible": false
              }
            ],
            "scratch_disk": [],
            "self_link": "https://www.googleapis.com/compute/v1/projects/sapient-duality-274414/zones/us-central1-a/instances/slave01",
            "service_account": [],
            "shielded_instance_config": [
              {
                "enable_integrity_monitoring": true,
                "enable_secure_boot": false,
                "enable_vtpm": true
              }
            ],
            "tags": [
              "all"
            ],
            "tags_fingerprint": "dImsLRw6qW4=",
            "timeouts": null,
            "zone": "us-central1-a"
          },
          "private": "eyJlMmJmYjczMC1lY2FhLTExZTYtOGY4OC0zNDM2M2JjN2M0YzAiOnsiY3JlYXRlIjoxMjAwMDAwMDAwMDAwLCJkZWxldGUiOjEyMDAwMDAwMDAwMDAsInVwZGF0ZSI6MTIwMDAwMDAwMDAwMH0sInNjaGVtYV92ZXJzaW9uIjoiNiJ9"
        }
      ]
    }
  ]
}
